
Microsoft Visual Studio Solution File, Format Version 12.00
# Visual Studio Version 17
VisualStudioVersion = 17.9.34607.119
MinimumVisualStudioVersion = 10.0.40219.1
Project("{2150E333-8FDC-42A3-9474-1A3956D46DE8}") = "Application", "Application", "{4ABF527D-DF6C-4B62-B2F2-EACEF377B328}"
EndProject
Project("{2150E333-8FDC-42A3-9474-1A3956D46DE8}") = "Domain", "Domain", "{DE92BD81-ABEA-4897-8908-8A59148AE604}"
EndProject
Project("{2150E333-8FDC-42A3-9474-1A3956D46DE8}") = "Service", "Service", "{452725D4-700E-4CAA-92D6-E6021596BD41}"
EndProject
Project("{2150E333-8FDC-42A3-9474-1A3956D46DE8}") = "Infra", "Infra", "{B41B1BFB-E192-41FC-A696-736C731012F0}"
EndProject
Project("{2150E333-8FDC-42A3-9474-1A3956D46DE8}") = "Data", "Data", "{63419044-8910-44C7-8C2A-F7B41F8DBCCA}"
EndProject
Project("{2150E333-8FDC-42A3-9474-1A3956D46DE8}") = "CrossCutting", "CrossCutting", "{52AEAE3B-837D-4FC3-9B7B-21AE0A6A93C9}"
EndProject
Project("{FAE04EC0-301F-11D3-BF4B-00C04F79EFBC}") = "API-Hahn", "API-Hahn\API-Hahn.csproj", "{12081BD1-9506-429C-9CE7-913A0FBE21C1}"
EndProject
Project("{FAE04EC0-301F-11D3-BF4B-00C04F79EFBC}") = "API.Domain", "API.Domain\API.Domain.csproj", "{32F11D67-E754-4F3D-AD04-4E353E85287E}"
EndProject
Project("{FAE04EC0-301F-11D3-BF4B-00C04F79EFBC}") = "API.Service", "API.Service\API.Service.csproj", "{569AEC17-93EA-4E00-8F3B-84E979FAC81D}"
EndProject
Project("{FAE04EC0-301F-11D3-BF4B-00C04F79EFBC}") = "API.Infra.Data", "API.Infra.Data\API.Infra.Data.csproj", "{C17B64CB-3751-4615-ABEC-296F1E8B56B3}"
EndProject
Project("{FAE04EC0-301F-11D3-BF4B-00C04F79EFBC}") = "API.Infra.CrossCutting", "API.Infra.CrossCutting\API.Infra.CrossCutting.csproj", "{D7EE9B7F-B919-4B51-BFDA-C2F77ADFAA32}"
EndProject
Global
	GlobalSection(SolutionConfigurationPlatforms) = preSolution
		Debug|Any CPU = Debug|Any CPU
		Release|Any CPU = Release|Any CPU
	EndGlobalSection
	GlobalSection(ProjectConfigurationPlatforms) = postSolution
		{12081BD1-9506-429C-9CE7-913A0FBE21C1}.Debug|Any CPU.ActiveCfg = Debug|Any CPU
		{12081BD1-9506-429C-9CE7-913A0FBE21C1}.Debug|Any CPU.Build.0 = Debug|Any CPU
		{12081BD1-9506-429C-9CE7-913A0FBE21C1}.Release|Any CPU.ActiveCfg = Release|Any CPU
		{12081BD1-9506-429C-9CE7-913A0FBE21C1}.Release|Any CPU.Build.0 = Release|Any CPU
		{32F11D67-E754-4F3D-AD04-4E353E85287E}.Debug|Any CPU.ActiveCfg = Debug|Any CPU
		{32F11D67-E754-4F3D-AD04-4E353E85287E}.Debug|Any CPU.Build.0 = Debug|Any CPU
		{32F11D67-E754-4F3D-AD04-4E353E85287E}.Release|Any CPU.ActiveCfg = Release|Any CPU
		{32F11D67-E754-4F3D-AD04-4E353E85287E}.Release|Any CPU.Build.0 = Release|Any CPU
		{569AEC17-93EA-4E00-8F3B-84E979FAC81D}.Debug|Any CPU.ActiveCfg = Debug|Any CPU
		{569AEC17-93EA-4E00-8F3B-84E979FAC81D}.Debug|Any CPU.Build.0 = Debug|Any CPU
		{569AEC17-93EA-4E00-8F3B-84E979FAC81D}.Release|Any CPU.ActiveCfg = Release|Any CPU
		{569AEC17-93EA-4E00-8F3B-84E979FAC81D}.Release|Any CPU.Build.0 = Release|Any CPU
		{C17B64CB-3751-4615-ABEC-296F1E8B56B3}.Debug|Any CPU.ActiveCfg = Debug|Any CPU
		{C17B64CB-3751-4615-ABEC-296F1E8B56B3}.Debug|Any CPU.Build.0 = Debug|Any CPU
		{C17B64CB-3751-4615-ABEC-296F1E8B56B3}.Release|Any CPU.ActiveCfg = Release|Any CPU
		{C17B64CB-3751-4615-ABEC-296F1E8B56B3}.Release|Any CPU.Build.0 = Release|Any CPU
		{D7EE9B7F-B919-4B51-BFDA-C2F77ADFAA32}.Debug|Any CPU.ActiveCfg = Debug|Any CPU
		{D7EE9B7F-B919-4B51-BFDA-C2F77ADFAA32}.Debug|Any CPU.Build.0 = Debug|Any CPU
		{D7EE9B7F-B919-4B51-BFDA-C2F77ADFAA32}.Release|Any CPU.ActiveCfg = Release|Any CPU
		{D7EE9B7F-B919-4B51-BFDA-C2F77ADFAA32}.Release|Any CPU.Build.0 = Release|Any CPU
	EndGlobalSection
	GlobalSection(SolutionProperties) = preSolution
		HideSolutionNode = FALSE
	EndGlobalSection
	GlobalSection(NestedProjects) = preSolution
		{63419044-8910-44C7-8C2A-F7B41F8DBCCA} = {B41B1BFB-E192-41FC-A696-736C731012F0}
		{52AEAE3B-837D-4FC3-9B7B-21AE0A6A93C9} = {B41B1BFB-E192-41FC-A696-736C731012F0}
		{12081BD1-9506-429C-9CE7-913A0FBE21C1} = {4ABF527D-DF6C-4B62-B2F2-EACEF377B328}
		{32F11D67-E754-4F3D-AD04-4E353E85287E} = {DE92BD81-ABEA-4897-8908-8A59148AE604}
		{569AEC17-93EA-4E00-8F3B-84E979FAC81D} = {452725D4-700E-4CAA-92D6-E6021596BD41}
		{C17B64CB-3751-4615-ABEC-296F1E8B56B3} = {63419044-8910-44C7-8C2A-F7B41F8DBCCA}
		{D7EE9B7F-B919-4B51-BFDA-C2F77ADFAA32} = {52AEAE3B-837D-4FC3-9B7B-21AE0A6A93C9}
	EndGlobalSection
	GlobalSection(ExtensibilityGlobals) = postSolution
		SolutionGuid = {E136DDE7-D611-436B-A6B7-5E0149D673AF}
	EndGlobalSection
EndGlobal
